
Microsoft Visual Studio Solution File, Format Version 12.00
# Visual Studio 15
VisualStudioVersion = 15.0.27130.2010
MinimumVisualStudioVersion = 10.0.40219.1
Project("{FAE04EC0-301F-11D3-BF4B-00C04F79EFBC}") = "Formular.Android", "Formular\Formular.Android\Formular.Android.csproj", "{DEEBC5D9-2A85-4A3C-B555-6BD329830357}"
EndProject
Project("{FAE04EC0-301F-11D3-BF4B-00C04F79EFBC}") = "Formular.iOS", "Formular\Formular.iOS\Formular.iOS.csproj", "{525DE099-AFCD-4492-AEC5-2DC1785515A5}"
EndProject
Project("{FAE04EC0-301F-11D3-BF4B-00C04F79EFBC}") = "Formular.UWP", "Formular\Formular.UWP\Formular.UWP.csproj", "{54E5FD47-EFCF-4F62-A3C3-E9061E78035C}"
EndProject
Project("{FAE04EC0-301F-11D3-BF4B-00C04F79EFBC}") = "Formular", "Formular\Formular\Formular.csproj", "{EC0272A7-F818-49CB-9064-BAC60B928D8D}"
EndProject
Global
	GlobalSection(SolutionConfigurationPlatforms) = preSolution
		Ad-Hoc|Any CPU = Ad-Hoc|Any CPU
		Ad-Hoc|ARM = Ad-Hoc|ARM
		Ad-Hoc|iPhone = Ad-Hoc|iPhone
		Ad-Hoc|iPhoneSimulator = Ad-Hoc|iPhoneSimulator
		Ad-Hoc|x64 = Ad-Hoc|x64
		Ad-Hoc|x86 = Ad-Hoc|x86
		AppStore|Any CPU = AppStore|Any CPU
		AppStore|ARM = AppStore|ARM
		AppStore|iPhone = AppStore|iPhone
		AppStore|iPhoneSimulator = AppStore|iPhoneSimulator
		AppStore|x64 = AppStore|x64
		AppStore|x86 = AppStore|x86
		Debug|Any CPU = Debug|Any CPU
		Debug|ARM = Debug|ARM
		Debug|iPhone = Debug|iPhone
		Debug|iPhoneSimulator = Debug|iPhoneSimulator
		Debug|x64 = Debug|x64
		Debug|x86 = Debug|x86
		Release|Any CPU = Release|Any CPU
		Release|ARM = Release|ARM
		Release|iPhone = Release|iPhone
		Release|iPhoneSimulator = Release|iPhoneSimulator
		Release|x64 = Release|x64
		Release|x86 = Release|x86
	EndGlobalSection
	GlobalSection(ProjectConfigurationPlatforms) = postSolution
		{DEEBC5D9-2A85-4A3C-B555-6BD329830357}.Ad-Hoc|Any CPU.ActiveCfg = Release|Any CPU
		{DEEBC5D9-2A85-4A3C-B555-6BD329830357}.Ad-Hoc|Any CPU.Build.0 = Release|Any CPU
		{DEEBC5D9-2A85-4A3C-B555-6BD329830357}.Ad-Hoc|Any CPU.Deploy.0 = Release|Any CPU
		{DEEBC5D9-2A85-4A3C-B555-6BD329830357}.Ad-Hoc|ARM.ActiveCfg = Release|Any CPU
		{DEEBC5D9-2A85-4A3C-B555-6BD329830357}.Ad-Hoc|ARM.Build.0 = Release|Any CPU
		{DEEBC5D9-2A85-4A3C-B555-6BD329830357}.Ad-Hoc|ARM.Deploy.0 = Release|Any CPU
		{DEEBC5D9-2A85-4A3C-B555-6BD329830357}.Ad-Hoc|iPhone.ActiveCfg = Release|Any CPU
		{DEEBC5D9-2A85-4A3C-B555-6BD329830357}.Ad-Hoc|iPhone.Build.0 = Release|Any CPU
		{DEEBC5D9-2A85-4A3C-B555-6BD329830357}.Ad-Hoc|iPhone.Deploy.0 = Release|Any CPU
		{DEEBC5D9-2A85-4A3C-B555-6BD329830357}.Ad-Hoc|iPhoneSimulator.ActiveCfg = Release|Any CPU
		{DEEBC5D9-2A85-4A3C-B555-6BD329830357}.Ad-Hoc|iPhoneSimulator.Build.0 = Release|Any CPU
		{DEEBC5D9-2A85-4A3C-B555-6BD329830357}.Ad-Hoc|iPhoneSimulator.Deploy.0 = Release|Any CPU
		{DEEBC5D9-2A85-4A3C-B555-6BD329830357}.Ad-Hoc|x64.ActiveCfg = Release|Any CPU
		{DEEBC5D9-2A85-4A3C-B555-6BD329830357}.Ad-Hoc|x64.Build.0 = Release|Any CPU
		{DEEBC5D9-2A85-4A3C-B555-6BD329830357}.Ad-Hoc|x64.Deploy.0 = Release|Any CPU
		{DEEBC5D9-2A85-4A3C-B555-6BD329830357}.Ad-Hoc|x86.ActiveCfg = Release|Any CPU
		{DEEBC5D9-2A85-4A3C-B555-6BD329830357}.Ad-Hoc|x86.Build.0 = Release|Any CPU
		{DEEBC5D9-2A85-4A3C-B555-6BD329830357}.Ad-Hoc|x86.Deploy.0 = Release|Any CPU
		{DEEBC5D9-2A85-4A3C-B555-6BD329830357}.AppStore|Any CPU.ActiveCfg = Release|Any CPU
		{DEEBC5D9-2A85-4A3C-B555-6BD329830357}.AppStore|Any CPU.Build.0 = Release|Any CPU
		{DEEBC5D9-2A85-4A3C-B555-6BD329830357}.AppStore|Any CPU.Deploy.0 = Release|Any CPU
		{DEEBC5D9-2A85-4A3C-B555-6BD329830357}.AppStore|ARM.ActiveCfg = Release|Any CPU
		{DEEBC5D9-2A85-4A3C-B555-6BD329830357}.AppStore|ARM.Build.0 = Release|Any CPU
		{DEEBC5D9-2A85-4A3C-B555-6BD329830357}.AppStore|ARM.Deploy.0 = Release|Any CPU
		{DEEBC5D9-2A85-4A3C-B555-6BD329830357}.AppStore|iPhone.ActiveCfg = Release|Any CPU
		{DEEBC5D9-2A85-4A3C-B555-6BD329830357}.AppStore|iPhone.Build.0 = Release|Any CPU
		{DEEBC5D9-2A85-4A3C-B555-6BD329830357}.AppStore|iPhone.Deploy.0 = Release|Any CPU
		{DEEBC5D9-2A85-4A3C-B555-6BD329830357}.AppStore|iPhoneSimulator.ActiveCfg = Release|Any CPU
		{DEEBC5D9-2A85-4A3C-B555-6BD329830357}.AppStore|iPhoneSimulator.Build.0 = Release|Any CPU
		{DEEBC5D9-2A85-4A3C-B555-6BD329830357}.AppStore|iPhoneSimulator.Deploy.0 = Release|Any CPU
		{DEEBC5D9-2A85-4A3C-B555-6BD329830357}.AppStore|x64.ActiveCfg = Release|Any CPU
		{DEEBC5D9-2A85-4A3C-B555-6BD329830357}.AppStore|x64.Build.0 = Release|Any CPU
		{DEEBC5D9-2A85-4A3C-B555-6BD329830357}.AppStore|x64.Deploy.0 = Release|Any CPU
		{DEEBC5D9-2A85-4A3C-B555-6BD329830357}.AppStore|x86.ActiveCfg = Release|Any CPU
		{DEEBC5D9-2A85-4A3C-B555-6BD329830357}.AppStore|x86.Build.0 = Release|Any CPU
		{DEEBC5D9-2A85-4A3C-B555-6BD329830357}.AppStore|x86.Deploy.0 = Release|Any CPU
		{DEEBC5D9-2A85-4A3C-B555-6BD329830357}.Debug|Any CPU.ActiveCfg = Debug|Any CPU
		{DEEBC5D9-2A85-4A3C-B555-6BD329830357}.Debug|Any CPU.Build.0 = Debug|Any CPU
		{DEEBC5D9-2A85-4A3C-B555-6BD329830357}.Debug|Any CPU.Deploy.0 = Debug|Any CPU
		{DEEBC5D9-2A85-4A3C-B555-6BD329830357}.Debug|ARM.ActiveCfg = Debug|Any CPU
		{DEEBC5D9-2A85-4A3C-B555-6BD329830357}.Debug|ARM.Build.0 = Debug|Any CPU
		{DEEBC5D9-2A85-4A3C-B555-6BD329830357}.Debug|ARM.Deploy.0 = Debug|Any CPU
		{DEEBC5D9-2A85-4A3C-B555-6BD329830357}.Debug|iPhone.ActiveCfg = Debug|Any CPU
		{DEEBC5D9-2A85-4A3C-B555-6BD329830357}.Debug|iPhone.Build.0 = Debug|Any CPU
		{DEEBC5D9-2A85-4A3C-B555-6BD329830357}.Debug|iPhone.Deploy.0 = Debug|Any CPU
		{DEEBC5D9-2A85-4A3C-B555-6BD329830357}.Debug|iPhoneSimulator.ActiveCfg = Debug|Any CPU
		{DEEBC5D9-2A85-4A3C-B555-6BD329830357}.Debug|iPhoneSimulator.Build.0 = Debug|Any CPU
		{DEEBC5D9-2A85-4A3C-B555-6BD329830357}.Debug|iPhoneSimulator.Deploy.0 = Debug|Any CPU
		{DEEBC5D9-2A85-4A3C-B555-6BD329830357}.Debug|x64.ActiveCfg = Debug|Any CPU
		{DEEBC5D9-2A85-4A3C-B555-6BD329830357}.Debug|x64.Build.0 = Debug|Any CPU
		{DEEBC5D9-2A85-4A3C-B555-6BD329830357}.Debug|x64.Deploy.0 = Debug|Any CPU
		{DEEBC5D9-2A85-4A3C-B555-6BD329830357}.Debug|x86.ActiveCfg = Debug|Any CPU
		{DEEBC5D9-2A85-4A3C-B555-6BD329830357}.Debug|x86.Build.0 = Debug|Any CPU
		{DEEBC5D9-2A85-4A3C-B555-6BD329830357}.Debug|x86.Deploy.0 = Debug|Any CPU
		{DEEBC5D9-2A85-4A3C-B555-6BD329830357}.Release|Any CPU.ActiveCfg = Release|Any CPU
		{DEEBC5D9-2A85-4A3C-B555-6BD329830357}.Release|Any CPU.Build.0 = Release|Any CPU
		{DEEBC5D9-2A85-4A3C-B555-6BD329830357}.Release|Any CPU.Deploy.0 = Release|Any CPU
		{DEEBC5D9-2A85-4A3C-B555-6BD329830357}.Release|ARM.ActiveCfg = Release|Any CPU
		{DEEBC5D9-2A85-4A3C-B555-6BD329830357}.Release|ARM.Build.0 = Release|Any CPU
		{DEEBC5D9-2A85-4A3C-B555-6BD329830357}.Release|ARM.Deploy.0 = Release|Any CPU
		{DEEBC5D9-2A85-4A3C-B555-6BD329830357}.Release|iPhone.ActiveCfg = Release|Any CPU
		{DEEBC5D9-2A85-4A3C-B555-6BD329830357}.Release|iPhone.Build.0 = Release|Any CPU
		{DEEBC5D9-2A85-4A3C-B555-6BD329830357}.Release|iPhone.Deploy.0 = Release|Any CPU
		{DEEBC5D9-2A85-4A3C-B555-6BD329830357}.Release|iPhoneSimulator.ActiveCfg = Release|Any CPU
		{DEEBC5D9-2A85-4A3C-B555-6BD329830357}.Release|iPhoneSimulator.Build.0 = Release|Any CPU
		{DEEBC5D9-2A85-4A3C-B555-6BD329830357}.Release|iPhoneSimulator.Deploy.0 = Release|Any CPU
		{DEEBC5D9-2A85-4A3C-B555-6BD329830357}.Release|x64.ActiveCfg = Release|Any CPU
		{DEEBC5D9-2A85-4A3C-B555-6BD329830357}.Release|x64.Build.0 = Release|Any CPU
		{DEEBC5D9-2A85-4A3C-B555-6BD329830357}.Release|x64.Deploy.0 = Release|Any CPU
		{DEEBC5D9-2A85-4A3C-B555-6BD329830357}.Release|x86.ActiveCfg = Release|Any CPU
		{DEEBC5D9-2A85-4A3C-B555-6BD329830357}.Release|x86.Build.0 = Release|Any CPU
		{DEEBC5D9-2A85-4A3C-B555-6BD329830357}.Release|x86.Deploy.0 = Release|Any CPU
		{525DE099-AFCD-4492-AEC5-2DC1785515A5}.Ad-Hoc|Any CPU.ActiveCfg = Ad-Hoc|iPhone
		{525DE099-AFCD-4492-AEC5-2DC1785515A5}.Ad-Hoc|ARM.ActiveCfg = Ad-Hoc|iPhone
		{525DE099-AFCD-4492-AEC5-2DC1785515A5}.Ad-Hoc|iPhone.ActiveCfg = Ad-Hoc|iPhone
		{525DE099-AFCD-4492-AEC5-2DC1785515A5}.Ad-Hoc|iPhone.Build.0 = Ad-Hoc|iPhone
		{525DE099-AFCD-4492-AEC5-2DC1785515A5}.Ad-Hoc|iPhoneSimulator.ActiveCfg = Ad-Hoc|iPhoneSimulator
		{525DE099-AFCD-4492-AEC5-2DC1785515A5}.Ad-Hoc|iPhoneSimulator.Build.0 = Ad-Hoc|iPhoneSimulator
		{525DE099-AFCD-4492-AEC5-2DC1785515A5}.Ad-Hoc|x64.ActiveCfg = Ad-Hoc|iPhone
		{525DE099-AFCD-4492-AEC5-2DC1785515A5}.Ad-Hoc|x86.ActiveCfg = Ad-Hoc|iPhone
		{525DE099-AFCD-4492-AEC5-2DC1785515A5}.AppStore|Any CPU.ActiveCfg = AppStore|iPhone
		{525DE099-AFCD-4492-AEC5-2DC1785515A5}.AppStore|ARM.ActiveCfg = AppStore|iPhone
		{525DE099-AFCD-4492-AEC5-2DC1785515A5}.AppStore|iPhone.ActiveCfg = AppStore|iPhone
		{525DE099-AFCD-4492-AEC5-2DC1785515A5}.AppStore|iPhone.Build.0 = AppStore|iPhone
		{525DE099-AFCD-4492-AEC5-2DC1785515A5}.AppStore|iPhoneSimulator.ActiveCfg = AppStore|iPhoneSimulator
		{525DE099-AFCD-4492-AEC5-2DC1785515A5}.AppStore|iPhoneSimulator.Build.0 = AppStore|iPhoneSimulator
		{525DE099-AFCD-4492-AEC5-2DC1785515A5}.AppStore|x64.ActiveCfg = AppStore|iPhone
		{525DE099-AFCD-4492-AEC5-2DC1785515A5}.AppStore|x86.ActiveCfg = AppStore|iPhone
		{525DE099-AFCD-4492-AEC5-2DC1785515A5}.Debug|Any CPU.ActiveCfg = Debug|iPhone
		{525DE099-AFCD-4492-AEC5-2DC1785515A5}.Debug|ARM.ActiveCfg = Debug|iPhone
		{525DE099-AFCD-4492-AEC5-2DC1785515A5}.Debug|iPhone.ActiveCfg = Debug|iPhone
		{525DE099-AFCD-4492-AEC5-2DC1785515A5}.Debug|iPhone.Build.0 = Debug|iPhone
		{525DE099-AFCD-4492-AEC5-2DC1785515A5}.Debug|iPhoneSimulator.ActiveCfg = Debug|iPhoneSimulator
		{525DE099-AFCD-4492-AEC5-2DC1785515A5}.Debug|iPhoneSimulator.Build.0 = Debug|iPhoneSimulator
		{525DE099-AFCD-4492-AEC5-2DC1785515A5}.Debug|x64.ActiveCfg = Debug|iPhone
		{525DE099-AFCD-4492-AEC5-2DC1785515A5}.Debug|x86.ActiveCfg = Debug|iPhone
		{525DE099-AFCD-4492-AEC5-2DC1785515A5}.Release|Any CPU.ActiveCfg = Release|iPhone
		{525DE099-AFCD-4492-AEC5-2DC1785515A5}.Release|ARM.ActiveCfg = Release|iPhone
		{525DE099-AFCD-4492-AEC5-2DC1785515A5}.Release|iPhone.ActiveCfg = Release|iPhone
		{525DE099-AFCD-4492-AEC5-2DC1785515A5}.Release|iPhone.Build.0 = Release|iPhone
		{525DE099-AFCD-4492-AEC5-2DC1785515A5}.Release|iPhoneSimulator.ActiveCfg = Release|iPhoneSimulator
		{525DE099-AFCD-4492-AEC5-2DC1785515A5}.Release|iPhoneSimulator.Build.0 = Release|iPhoneSimulator
		{525DE099-AFCD-4492-AEC5-2DC1785515A5}.Release|x64.ActiveCfg = Release|iPhone
		{525DE099-AFCD-4492-AEC5-2DC1785515A5}.Release|x86.ActiveCfg = Release|iPhone
		{54E5FD47-EFCF-4F62-A3C3-E9061E78035C}.Ad-Hoc|Any CPU.ActiveCfg = Release|x86
		{54E5FD47-EFCF-4F62-A3C3-E9061E78035C}.Ad-Hoc|Any CPU.Build.0 = Release|x86
		{54E5FD47-EFCF-4F62-A3C3-E9061E78035C}.Ad-Hoc|Any CPU.Deploy.0 = Release|x86
		{54E5FD47-EFCF-4F62-A3C3-E9061E78035C}.Ad-Hoc|ARM.ActiveCfg = Release|ARM
		{54E5FD47-EFCF-4F62-A3C3-E9061E78035C}.Ad-Hoc|ARM.Build.0 = Release|ARM
		{54E5FD47-EFCF-4F62-A3C3-E9061E78035C}.Ad-Hoc|ARM.Deploy.0 = Release|ARM
		{54E5FD47-EFCF-4F62-A3C3-E9061E78035C}.Ad-Hoc|iPhone.ActiveCfg = Release|x86
		{54E5FD47-EFCF-4F62-A3C3-E9061E78035C}.Ad-Hoc|iPhone.Build.0 = Release|x86
		{54E5FD47-EFCF-4F62-A3C3-E9061E78035C}.Ad-Hoc|iPhone.Deploy.0 = Release|x86
		{54E5FD47-EFCF-4F62-A3C3-E9061E78035C}.Ad-Hoc|iPhoneSimulator.ActiveCfg = Release|x86
		{54E5FD47-EFCF-4F62-A3C3-E9061E78035C}.Ad-Hoc|iPhoneSimulator.Build.0 = Release|x86
		{54E5FD47-EFCF-4F62-A3C3-E9061E78035C}.Ad-Hoc|iPhoneSimulator.Deploy.0 = Release|x86
		{54E5FD47-EFCF-4F62-A3C3-E9061E78035C}.Ad-Hoc|x64.ActiveCfg = Release|x64
		{54E5FD47-EFCF-4F62-A3C3-E9061E78035C}.Ad-Hoc|x64.Build.0 = Release|x64
		{54E5FD47-EFCF-4F62-A3C3-E9061E78035C}.Ad-Hoc|x64.Deploy.0 = Release|x64
		{54E5FD47-EFCF-4F62-A3C3-E9061E78035C}.Ad-Hoc|x86.ActiveCfg = Release|x86
		{54E5FD47-EFCF-4F62-A3C3-E9061E78035C}.Ad-Hoc|x86.Build.0 = Release|x86
		{54E5FD47-EFCF-4F62-A3C3-E9061E78035C}.Ad-Hoc|x86.Deploy.0 = Release|x86
		{54E5FD47-EFCF-4F62-A3C3-E9061E78035C}.AppStore|Any CPU.ActiveCfg = Release|x86
		{54E5FD47-EFCF-4F62-A3C3-E9061E78035C}.AppStore|Any CPU.Build.0 = Release|x86
		{54E5FD47-EFCF-4F62-A3C3-E9061E78035C}.AppStore|Any CPU.Deploy.0 = Release|x86
		{54E5FD47-EFCF-4F62-A3C3-E9061E78035C}.AppStore|ARM.ActiveCfg = Release|ARM
		{54E5FD47-EFCF-4F62-A3C3-E9061E78035C}.AppStore|ARM.Build.0 = Release|ARM
		{54E5FD47-EFCF-4F62-A3C3-E9061E78035C}.AppStore|ARM.Deploy.0 = Release|ARM
		{54E5FD47-EFCF-4F62-A3C3-E9061E78035C}.AppStore|iPhone.ActiveCfg = Release|x86
		{54E5FD47-EFCF-4F62-A3C3-E9061E78035C}.AppStore|iPhone.Build.0 = Release|x86
		{54E5FD47-EFCF-4F62-A3C3-E9061E78035C}.AppStore|iPhone.Deploy.0 = Release|x86
		{54E5FD47-EFCF-4F62-A3C3-E9061E78035C}.AppStore|iPhoneSimulator.ActiveCfg = Release|x86
		{54E5FD47-EFCF-4F62-A3C3-E9061E78035C}.AppStore|iPhoneSimulator.Build.0 = Release|x86
		{54E5FD47-EFCF-4F62-A3C3-E9061E78035C}.AppStore|iPhoneSimulator.Deploy.0 = Release|x86
		{54E5FD47-EFCF-4F62-A3C3-E9061E78035C}.AppStore|x64.ActiveCfg = Release|x64
		{54E5FD47-EFCF-4F62-A3C3-E9061E78035C}.AppStore|x64.Build.0 = Release|x64
		{54E5FD47-EFCF-4F62-A3C3-E9061E78035C}.AppStore|x64.Deploy.0 = Release|x64
		{54E5FD47-EFCF-4F62-A3C3-E9061E78035C}.AppStore|x86.ActiveCfg = Release|x86
		{54E5FD47-EFCF-4F62-A3C3-E9061E78035C}.AppStore|x86.Build.0 = Release|x86
		{54E5FD47-EFCF-4F62-A3C3-E9061E78035C}.AppStore|x86.Deploy.0 = Release|x86
		{54E5FD47-EFCF-4F62-A3C3-E9061E78035C}.Debug|Any CPU.ActiveCfg = Debug|x86
		{54E5FD47-EFCF-4F62-A3C3-E9061E78035C}.Debug|ARM.ActiveCfg = Debug|ARM
		{54E5FD47-EFCF-4F62-A3C3-E9061E78035C}.Debug|ARM.Build.0 = Debug|ARM
		{54E5FD47-EFCF-4F62-A3C3-E9061E78035C}.Debug|ARM.Deploy.0 = Debug|ARM
		{54E5FD47-EFCF-4F62-A3C3-E9061E78035C}.Debug|iPhone.ActiveCfg = Debug|x86
		{54E5FD47-EFCF-4F62-A3C3-E9061E78035C}.Debug|iPhoneSimulator.ActiveCfg = Debug|x86
		{54E5FD47-EFCF-4F62-A3C3-E9061E78035C}.Debug|x64.ActiveCfg = Debug|x64
		{54E5FD47-EFCF-4F62-A3C3-E9061E78035C}.Debug|x64.Build.0 = Debug|x64
		{54E5FD47-EFCF-4F62-A3C3-E9061E78035C}.Debug|x64.Deploy.0 = Debug|x64
		{54E5FD47-EFCF-4F62-A3C3-E9061E78035C}.Debug|x86.ActiveCfg = Debug|x86
		{54E5FD47-EFCF-4F62-A3C3-E9061E78035C}.Debug|x86.Build.0 = Debug|x86
		{54E5FD47-EFCF-4F62-A3C3-E9061E78035C}.Debug|x86.Deploy.0 = Debug|x86
		{54E5FD47-EFCF-4F62-A3C3-E9061E78035C}.Release|Any CPU.ActiveCfg = Release|x86
		{54E5FD47-EFCF-4F62-A3C3-E9061E78035C}.Release|ARM.ActiveCfg = Release|ARM
		{54E5FD47-EFCF-4F62-A3C3-E9061E78035C}.Release|ARM.Build.0 = Release|ARM
		{54E5FD47-EFCF-4F62-A3C3-E9061E78035C}.Release|ARM.Deploy.0 = Release|ARM
		{54E5FD47-EFCF-4F62-A3C3-E9061E78035C}.Release|iPhone.ActiveCfg = Release|x86
		{54E5FD47-EFCF-4F62-A3C3-E9061E78035C}.Release|iPhoneSimulator.ActiveCfg = Release|x86
		{54E5FD47-EFCF-4F62-A3C3-E9061E78035C}.Release|x64.ActiveCfg = Release|x64
		{54E5FD47-EFCF-4F62-A3C3-E9061E78035C}.Release|x64.Build.0 = Release|x64
		{54E5FD47-EFCF-4F62-A3C3-E9061E78035C}.Release|x64.Deploy.0 = Release|x64
		{54E5FD47-EFCF-4F62-A3C3-E9061E78035C}.Release|x86.ActiveCfg = Release|x86
		{54E5FD47-EFCF-4F62-A3C3-E9061E78035C}.Release|x86.Build.0 = Release|x86
		{54E5FD47-EFCF-4F62-A3C3-E9061E78035C}.Release|x86.Deploy.0 = Release|x86
		{EC0272A7-F818-49CB-9064-BAC60B928D8D}.Ad-Hoc|Any CPU.ActiveCfg = Debug|Any CPU
		{EC0272A7-F818-49CB-9064-BAC60B928D8D}.Ad-Hoc|Any CPU.Build.0 = Debug|Any CPU
		{EC0272A7-F818-49CB-9064-BAC60B928D8D}.Ad-Hoc|ARM.ActiveCfg = Debug|Any CPU
		{EC0272A7-F818-49CB-9064-BAC60B928D8D}.Ad-Hoc|ARM.Build.0 = Debug|Any CPU
		{EC0272A7-F818-49CB-9064-BAC60B928D8D}.Ad-Hoc|iPhone.ActiveCfg = Debug|Any CPU
		{EC0272A7-F818-49CB-9064-BAC60B928D8D}.Ad-Hoc|iPhone.Build.0 = Debug|Any CPU
		{EC0272A7-F818-49CB-9064-BAC60B928D8D}.Ad-Hoc|iPhoneSimulator.ActiveCfg = Debug|Any CPU
		{EC0272A7-F818-49CB-9064-BAC60B928D8D}.Ad-Hoc|iPhoneSimulator.Build.0 = Debug|Any CPU
		{EC0272A7-F818-49CB-9064-BAC60B928D8D}.Ad-Hoc|x64.ActiveCfg = Debug|Any CPU
		{EC0272A7-F818-49CB-9064-BAC60B928D8D}.Ad-Hoc|x64.Build.0 = Debug|Any CPU
		{EC0272A7-F818-49CB-9064-BAC60B928D8D}.Ad-Hoc|x86.ActiveCfg = Debug|Any CPU
		{EC0272A7-F818-49CB-9064-BAC60B928D8D}.Ad-Hoc|x86.Build.0 = Debug|Any CPU
		{EC0272A7-F818-49CB-9064-BAC60B928D8D}.AppStore|Any CPU.ActiveCfg = Debug|Any CPU
		{EC0272A7-F818-49CB-9064-BAC60B928D8D}.AppStore|Any CPU.Build.0 = Debug|Any CPU
		{EC0272A7-F818-49CB-9064-BAC60B928D8D}.AppStore|ARM.ActiveCfg = Debug|Any CPU
		{EC0272A7-F818-49CB-9064-BAC60B928D8D}.AppStore|ARM.Build.0 = Debug|Any CPU
		{EC0272A7-F818-49CB-9064-BAC60B928D8D}.AppStore|iPhone.ActiveCfg = Debug|Any CPU
		{EC0272A7-F818-49CB-9064-BAC60B928D8D}.AppStore|iPhone.Build.0 = Debug|Any CPU
		{EC0272A7-F818-49CB-9064-BAC60B928D8D}.AppStore|iPhoneSimulator.ActiveCfg = Debug|Any CPU
		{EC0272A7-F818-49CB-9064-BAC60B928D8D}.AppStore|iPhoneSimulator.Build.0 = Debug|Any CPU
		{EC0272A7-F818-49CB-9064-BAC60B928D8D}.AppStore|x64.ActiveCfg = Debug|Any CPU
		{EC0272A7-F818-49CB-9064-BAC60B928D8D}.AppStore|x64.Build.0 = Debug|Any CPU
		{EC0272A7-F818-49CB-9064-BAC60B928D8D}.AppStore|x86.ActiveCfg = Debug|Any CPU
		{EC0272A7-F818-49CB-9064-BAC60B928D8D}.AppStore|x86.Build.0 = Debug|Any CPU
		{EC0272A7-F818-49CB-9064-BAC60B928D8D}.Debug|Any CPU.ActiveCfg = Debug|Any CPU
		{EC0272A7-F818-49CB-9064-BAC60B928D8D}.Debug|Any CPU.Build.0 = Debug|Any CPU
		{EC0272A7-F818-49CB-9064-BAC60B928D8D}.Debug|ARM.ActiveCfg = Debug|Any CPU
		{EC0272A7-F818-49CB-9064-BAC60B928D8D}.Debug|ARM.Build.0 = Debug|Any CPU
		{EC0272A7-F818-49CB-9064-BAC60B928D8D}.Debug|iPhone.ActiveCfg = Debug|Any CPU
		{EC0272A7-F818-49CB-9064-BAC60B928D8D}.Debug|iPhone.Build.0 = Debug|Any CPU
		{EC0272A7-F818-49CB-9064-BAC60B928D8D}.Debug|iPhoneSimulator.ActiveCfg = Debug|Any CPU
		{EC0272A7-F818-49CB-9064-BAC60B928D8D}.Debug|iPhoneSimulator.Build.0 = Debug|Any CPU
		{EC0272A7-F818-49CB-9064-BAC60B928D8D}.Debug|x64.ActiveCfg = Debug|Any CPU
		{EC0272A7-F818-49CB-9064-BAC60B928D8D}.Debug|x64.Build.0 = Debug|Any CPU
		{EC0272A7-F818-49CB-9064-BAC60B928D8D}.Debug|x86.ActiveCfg = Debug|Any CPU
		{EC0272A7-F818-49CB-9064-BAC60B928D8D}.Debug|x86.Build.0 = Debug|Any CPU
		{EC0272A7-F818-49CB-9064-BAC60B928D8D}.Release|Any CPU.ActiveCfg = Release|Any CPU
		{EC0272A7-F818-49CB-9064-BAC60B928D8D}.Release|Any CPU.Build.0 = Release|Any CPU
		{EC0272A7-F818-49CB-9064-BAC60B928D8D}.Release|ARM.ActiveCfg = Release|Any CPU
		{EC0272A7-F818-49CB-9064-BAC60B928D8D}.Release|ARM.Build.0 = Release|Any CPU
		{EC0272A7-F818-49CB-9064-BAC60B928D8D}.Release|iPhone.ActiveCfg = Release|Any CPU
		{EC0272A7-F818-49CB-9064-BAC60B928D8D}.Release|iPhone.Build.0 = Release|Any CPU
		{EC0272A7-F818-49CB-9064-BAC60B928D8D}.Release|iPhoneSimulator.ActiveCfg = Release|Any CPU
		{EC0272A7-F818-49CB-9064-BAC60B928D8D}.Release|iPhoneSimulator.Build.0 = Release|Any CPU
		{EC0272A7-F818-49CB-9064-BAC60B928D8D}.Release|x64.ActiveCfg = Release|Any CPU
		{EC0272A7-F818-49CB-9064-BAC60B928D8D}.Release|x64.Build.0 = Release|Any CPU
		{EC0272A7-F818-49CB-9064-BAC60B928D8D}.Release|x86.ActiveCfg = Release|Any CPU
		{EC0272A7-F818-49CB-9064-BAC60B928D8D}.Release|x86.Build.0 = Release|Any CPU
	EndGlobalSection
	GlobalSection(SolutionProperties) = preSolution
		HideSolutionNode = FALSE
	EndGlobalSection
	GlobalSection(ExtensibilityGlobals) = postSolution
		SolutionGuid = {A07D1442-D5D7-4495-B31A-1A9CDAA9F71F}
	EndGlobalSection
EndGlobal
